// !$*UTF8*$!
{
	archiveVersion = 1;
	classes = {
	};
	objectVersion = 46;
	objects = {

/* Begin PBXBuildFile section */
		789B38371C17C2C600D1FA2A /* MessageTableViewCell.swift in Sources */ = {isa = PBXBuildFile; fileRef = 789B38361C17C2C600D1FA2A /* MessageTableViewCell.swift */; };
		8B094C841C0F920C0030E78F /* TwilioIPMessagingClient.framework in Frameworks */ = {isa = PBXBuildFile; fileRef = 8B094C831C0F920C0030E78F /* TwilioIPMessagingClient.framework */; };
		8B094C861C0F92D20030E78F /* TwilioCommon.framework in Frameworks */ = {isa = PBXBuildFile; fileRef = 8B094C851C0F92D20030E78F /* TwilioCommon.framework */; };
		8B0FF2851C0B9B5C00DA81C6 /* AppDelegate.swift in Sources */ = {isa = PBXBuildFile; fileRef = 8B0FF2841C0B9B5C00DA81C6 /* AppDelegate.swift */; };
		8B0FF2871C0B9B5C00DA81C6 /* ViewController.swift in Sources */ = {isa = PBXBuildFile; fileRef = 8B0FF2861C0B9B5C00DA81C6 /* ViewController.swift */; };
		8B0FF28A1C0B9B5C00DA81C6 /* Main.storyboard in Resources */ = {isa = PBXBuildFile; fileRef = 8B0FF2881C0B9B5C00DA81C6 /* Main.storyboard */; };
		8B0FF28C1C0B9B5C00DA81C6 /* Assets.xcassets in Resources */ = {isa = PBXBuildFile; fileRef = 8B0FF28B1C0B9B5C00DA81C6 /* Assets.xcassets */; };
		8B0FF28F1C0B9B5C00DA81C6 /* LaunchScreen.storyboard in Resources */ = {isa = PBXBuildFile; fileRef = 8B0FF28D1C0B9B5C00DA81C6 /* LaunchScreen.storyboard */; };
		8BDE9FF71C0C1AFE00E94E27 /* Alamofire.framework in Frameworks */ = {isa = PBXBuildFile; fileRef = 8BDE9FEA1C0C1A3B00E94E27 /* Alamofire.framework */; };
		8BDE9FF81C0C1AFE00E94E27 /* Alamofire.framework in Embed Frameworks */ = {isa = PBXBuildFile; fileRef = 8BDE9FEA1C0C1A3B00E94E27 /* Alamofire.framework */; settings = {ATTRIBUTES = (CodeSignOnCopy, RemoveHeadersOnCopy, ); }; };
		8BDE9FFD1C0C1B8400E94E27 /* SwiftyJSON.swift in Sources */ = {isa = PBXBuildFile; fileRef = 8BDE9FFC1C0C1B8400E94E27 /* SwiftyJSON.swift */; };
		8BDE9FFF1C0C1CB700E94E27 /* libstdc++.tbd in Frameworks */ = {isa = PBXBuildFile; fileRef = 8BDE9FFE1C0C1CB700E94E27 /* libstdc++.tbd */; };
		FA1D09F5DECCEAACBC2EFC06 /* Pods.framework in Frameworks */ = {isa = PBXBuildFile; fileRef = E2FCC4CBD7A19BA1578C7EF1 /* Pods.framework */; };
/* End PBXBuildFile section */

/* Begin PBXContainerItemProxy section */
		8BDE9FE91C0C1A3B00E94E27 /* PBXContainerItemProxy */ = {
			isa = PBXContainerItemProxy;
			containerPortal = 8BDE9FDF1C0C1A3B00E94E27 /* Alamofire.xcodeproj */;
			proxyType = 2;
			remoteGlobalIDString = F8111E3319A95C8B0040E7D1;
			remoteInfo = "Alamofire iOS";
		};
		8BDE9FEB1C0C1A3B00E94E27 /* PBXContainerItemProxy */ = {
			isa = PBXContainerItemProxy;
			containerPortal = 8BDE9FDF1C0C1A3B00E94E27 /* Alamofire.xcodeproj */;
			proxyType = 2;
			remoteGlobalIDString = F8111E3E19A95C8B0040E7D1;
			remoteInfo = "Alamofire iOS Tests";
		};
		8BDE9FED1C0C1A3B00E94E27 /* PBXContainerItemProxy */ = {
			isa = PBXContainerItemProxy;
			containerPortal = 8BDE9FDF1C0C1A3B00E94E27 /* Alamofire.xcodeproj */;
			proxyType = 2;
			remoteGlobalIDString = 4DD67C0B1A5C55C900ED2280;
			remoteInfo = "Alamofire OSX";
		};
		8BDE9FEF1C0C1A3B00E94E27 /* PBXContainerItemProxy */ = {
			isa = PBXContainerItemProxy;
			containerPortal = 8BDE9FDF1C0C1A3B00E94E27 /* Alamofire.xcodeproj */;
			proxyType = 2;
			remoteGlobalIDString = F829C6B21A7A94F100A2CD59;
			remoteInfo = "Alamofire OSX Tests";
		};
		8BDE9FF11C0C1A3B00E94E27 /* PBXContainerItemProxy */ = {
			isa = PBXContainerItemProxy;
			containerPortal = 8BDE9FDF1C0C1A3B00E94E27 /* Alamofire.xcodeproj */;
			proxyType = 2;
			remoteGlobalIDString = 4CF626EF1BA7CB3E0011A099;
			remoteInfo = "Alamofire tvOS";
		};
		8BDE9FF31C0C1A3B00E94E27 /* PBXContainerItemProxy */ = {
			isa = PBXContainerItemProxy;
			containerPortal = 8BDE9FDF1C0C1A3B00E94E27 /* Alamofire.xcodeproj */;
			proxyType = 2;
			remoteGlobalIDString = 4CF626F81BA7CB3E0011A099;
			remoteInfo = "Alamofire tvOS Tests";
		};
		8BDE9FF51C0C1A3B00E94E27 /* PBXContainerItemProxy */ = {
			isa = PBXContainerItemProxy;
			containerPortal = 8BDE9FDF1C0C1A3B00E94E27 /* Alamofire.xcodeproj */;
			proxyType = 2;
			remoteGlobalIDString = E4202FE01B667AA100C997FB;
			remoteInfo = "Alamofire watchOS";
		};
		8BDE9FF91C0C1AFE00E94E27 /* PBXContainerItemProxy */ = {
			isa = PBXContainerItemProxy;
			containerPortal = 8BDE9FDF1C0C1A3B00E94E27 /* Alamofire.xcodeproj */;
			proxyType = 1;
			remoteGlobalIDString = F8111E3219A95C8B0040E7D1;
			remoteInfo = "Alamofire iOS";
		};
/* End PBXContainerItemProxy section */

/* Begin PBXCopyFilesBuildPhase section */
		8BDE9FFB1C0C1AFF00E94E27 /* Embed Frameworks */ = {
			isa = PBXCopyFilesBuildPhase;
			buildActionMask = 2147483647;
			dstPath = "";
			dstSubfolderSpec = 10;
			files = (
				8BDE9FF81C0C1AFE00E94E27 /* Alamofire.framework in Embed Frameworks */,
			);
			name = "Embed Frameworks";
			runOnlyForDeploymentPostprocessing = 0;
		};
/* End PBXCopyFilesBuildPhase section */

/* Begin PBXFileReference section */
		601A7E1390A6992FE133A98D /* Pods.release.xcconfig */ = {isa = PBXFileReference; includeInIndex = 1; lastKnownFileType = text.xcconfig; name = Pods.release.xcconfig; path = "Pods/Target Support Files/Pods/Pods.release.xcconfig"; sourceTree = "<group>"; };
		75226A40304644162618DC24 /* Pods.debug.xcconfig */ = {isa = PBXFileReference; includeInIndex = 1; lastKnownFileType = text.xcconfig; name = Pods.debug.xcconfig; path = "Pods/Target Support Files/Pods/Pods.debug.xcconfig"; sourceTree = "<group>"; };
		789B38361C17C2C600D1FA2A /* MessageTableViewCell.swift */ = {isa = PBXFileReference; fileEncoding = 4; lastKnownFileType = sourcecode.swift; path = MessageTableViewCell.swift; sourceTree = "<group>"; };
		8B094C831C0F920C0030E78F /* TwilioIPMessagingClient.framework */ = {isa = PBXFileReference; lastKnownFileType = wrapper.framework; path = TwilioIPMessagingClient.framework; sourceTree = "<group>"; };
		8B094C851C0F92D20030E78F /* TwilioCommon.framework */ = {isa = PBXFileReference; lastKnownFileType = wrapper.framework; path = TwilioCommon.framework; sourceTree = "<group>"; };
		8B0FF2811C0B9B5C00DA81C6 /* IPMQuickstart.app */ = {isa = PBXFileReference; explicitFileType = wrapper.application; includeInIndex = 0; path = IPMQuickstart.app; sourceTree = BUILT_PRODUCTS_DIR; };
		8B0FF2841C0B9B5C00DA81C6 /* AppDelegate.swift */ = {isa = PBXFileReference; lastKnownFileType = sourcecode.swift; path = AppDelegate.swift; sourceTree = "<group>"; };
		8B0FF2861C0B9B5C00DA81C6 /* ViewController.swift */ = {isa = PBXFileReference; lastKnownFileType = sourcecode.swift; path = ViewController.swift; sourceTree = "<group>"; };
		8B0FF2891C0B9B5C00DA81C6 /* Base */ = {isa = PBXFileReference; lastKnownFileType = file.storyboard; name = Base; path = Base.lproj/Main.storyboard; sourceTree = "<group>"; };
		8B0FF28B1C0B9B5C00DA81C6 /* Assets.xcassets */ = {isa = PBXFileReference; lastKnownFileType = folder.assetcatalog; path = Assets.xcassets; sourceTree = "<group>"; };
		8B0FF28E1C0B9B5C00DA81C6 /* Base */ = {isa = PBXFileReference; lastKnownFileType = file.storyboard; name = Base; path = Base.lproj/LaunchScreen.storyboard; sourceTree = "<group>"; };
		8B0FF2901C0B9B5C00DA81C6 /* Info.plist */ = {isa = PBXFileReference; lastKnownFileType = text.plist.xml; path = Info.plist; sourceTree = "<group>"; };
		8BDE9FDE1C0B9F3F00E94E27 /* IPMQuickstart-Bridging-Header.h */ = {isa = PBXFileReference; lastKnownFileType = sourcecode.c.h; path = "IPMQuickstart-Bridging-Header.h"; sourceTree = "<group>"; };
		8BDE9FDF1C0C1A3B00E94E27 /* Alamofire.xcodeproj */ = {isa = PBXFileReference; lastKnownFileType = "wrapper.pb-project"; name = Alamofire.xcodeproj; path = Alamofire/Alamofire.xcodeproj; sourceTree = "<group>"; };
		8BDE9FFC1C0C1B8400E94E27 /* SwiftyJSON.swift */ = {isa = PBXFileReference; fileEncoding = 4; lastKnownFileType = sourcecode.swift; path = SwiftyJSON.swift; sourceTree = "<group>"; };
		8BDE9FFE1C0C1CB700E94E27 /* libstdc++.tbd */ = {isa = PBXFileReference; lastKnownFileType = "sourcecode.text-based-dylib-definition"; name = "libstdc++.tbd"; path = "usr/lib/libstdc++.tbd"; sourceTree = SDKROOT; };
		E2FCC4CBD7A19BA1578C7EF1 /* Pods.framework */ = {isa = PBXFileReference; explicitFileType = wrapper.framework; includeInIndex = 0; path = Pods.framework; sourceTree = BUILT_PRODUCTS_DIR; };
/* End PBXFileReference section */

/* Begin PBXFrameworksBuildPhase section */
		8B0FF27E1C0B9B5C00DA81C6 /* Frameworks */ = {
			isa = PBXFrameworksBuildPhase;
			buildActionMask = 2147483647;
			files = (
				8BDE9FFF1C0C1CB700E94E27 /* libstdc++.tbd in Frameworks */,
				8B094C841C0F920C0030E78F /* TwilioIPMessagingClient.framework in Frameworks */,
				8BDE9FF71C0C1AFE00E94E27 /* Alamofire.framework in Frameworks */,
				8B094C861C0F92D20030E78F /* TwilioCommon.framework in Frameworks */,
				FA1D09F5DECCEAACBC2EFC06 /* Pods.framework in Frameworks */,
			);
			runOnlyForDeploymentPostprocessing = 0;
		};
/* End PBXFrameworksBuildPhase section */

/* Begin PBXGroup section */
		59A628C2BECBA50645DC4959 /* Frameworks */ = {
			isa = PBXGroup;
			children = (
				E2FCC4CBD7A19BA1578C7EF1 /* Pods.framework */,
			);
			name = Frameworks;
			sourceTree = "<group>";
		};
		8B0FF2781C0B9B5C00DA81C6 = {
			isa = PBXGroup;
			children = (
				8B094C851C0F92D20030E78F /* TwilioCommon.framework */,
				8B094C831C0F920C0030E78F /* TwilioIPMessagingClient.framework */,
				8B0FF2831C0B9B5C00DA81C6 /* IPMQuickstart */,
				8B0FF2821C0B9B5C00DA81C6 /* Products */,
				8BDE9FDF1C0C1A3B00E94E27 /* Alamofire.xcodeproj */,
				8BDE9FFE1C0C1CB700E94E27 /* libstdc++.tbd */,
				CCAAE568578C34EE951CE7F9 /* Pods */,
				59A628C2BECBA50645DC4959 /* Frameworks */,
			);
			sourceTree = "<group>";
		};
		8B0FF2821C0B9B5C00DA81C6 /* Products */ = {
			isa = PBXGroup;
			children = (
				8B0FF2811C0B9B5C00DA81C6 /* IPMQuickstart.app */,
			);
			name = Products;
			sourceTree = "<group>";
		};
		8B0FF2831C0B9B5C00DA81C6 /* IPMQuickstart */ = {
			isa = PBXGroup;
			children = (
				8B0FF2841C0B9B5C00DA81C6 /* AppDelegate.swift */,
				8B0FF2861C0B9B5C00DA81C6 /* ViewController.swift */,
				8B0FF2881C0B9B5C00DA81C6 /* Main.storyboard */,
				8B0FF28B1C0B9B5C00DA81C6 /* Assets.xcassets */,
				8B0FF28D1C0B9B5C00DA81C6 /* LaunchScreen.storyboard */,
				8B0FF2901C0B9B5C00DA81C6 /* Info.plist */,
				8BDE9FDE1C0B9F3F00E94E27 /* IPMQuickstart-Bridging-Header.h */,
				8BDE9FFC1C0C1B8400E94E27 /* SwiftyJSON.swift */,
				789B38361C17C2C600D1FA2A /* MessageTableViewCell.swift */,
			);
			path = IPMQuickstart;
			sourceTree = "<group>";
		};
		8BDE9FE01C0C1A3B00E94E27 /* Products */ = {
			isa = PBXGroup;
			children = (
				8BDE9FEA1C0C1A3B00E94E27 /* Alamofire.framework */,
				8BDE9FEC1C0C1A3B00E94E27 /* Alamofire iOS Tests.xctest */,
				8BDE9FEE1C0C1A3B00E94E27 /* Alamofire.framework */,
				8BDE9FF01C0C1A3B00E94E27 /* Alamofire OSX Tests.xctest */,
				8BDE9FF21C0C1A3B00E94E27 /* Alamofire.framework */,
				8BDE9FF41C0C1A3B00E94E27 /* Alamofire tvOS Tests.xctest */,
				8BDE9FF61C0C1A3B00E94E27 /* Alamofire.framework */,
			);
			name = Products;
			sourceTree = "<group>";
		};
		CCAAE568578C34EE951CE7F9 /* Pods */ = {
			isa = PBXGroup;
			children = (
				75226A40304644162618DC24 /* Pods.debug.xcconfig */,
				601A7E1390A6992FE133A98D /* Pods.release.xcconfig */,
			);
			name = Pods;
			sourceTree = "<group>";
		};
/* End PBXGroup section */

/* Begin PBXNativeTarget section */
		8B0FF2801C0B9B5C00DA81C6 /* IPMQuickstart */ = {
			isa = PBXNativeTarget;
			buildConfigurationList = 8B0FF2931C0B9B5C00DA81C6 /* Build configuration list for PBXNativeTarget "IPMQuickstart" */;
			buildPhases = (
				E92F5D408D3B788E47DD27ED /* Check Pods Manifest.lock */,
				8B0FF27D1C0B9B5C00DA81C6 /* Sources */,
				8B0FF27E1C0B9B5C00DA81C6 /* Frameworks */,
				8B0FF27F1C0B9B5C00DA81C6 /* Resources */,
				8BDE9FFB1C0C1AFF00E94E27 /* Embed Frameworks */,
				D8208D4BC4BF0E2949676FA3 /* Embed Pods Frameworks */,
				D052DB37FEC7FDDFD0702C2D /* Copy Pods Resources */,
			);
			buildRules = (
			);
			dependencies = (
				8BDE9FFA1C0C1AFE00E94E27 /* PBXTargetDependency */,
			);
			name = IPMQuickstart;
			productName = IPMQuickstart;
			productReference = 8B0FF2811C0B9B5C00DA81C6 /* IPMQuickstart.app */;
			productType = "com.apple.product-type.application";
		};
/* End PBXNativeTarget section */

/* Begin PBXProject section */
		8B0FF2791C0B9B5C00DA81C6 /* Project object */ = {
			isa = PBXProject;
			attributes = {
				LastSwiftUpdateCheck = 0710;
				LastUpgradeCheck = 0710;
				ORGANIZATIONNAME = Twilio;
				TargetAttributes = {
					8B0FF2801C0B9B5C00DA81C6 = {
						CreatedOnToolsVersion = 7.1.1;
					};
				};
			};
			buildConfigurationList = 8B0FF27C1C0B9B5C00DA81C6 /* Build configuration list for PBXProject "IPMQuickstart" */;
			compatibilityVersion = "Xcode 3.2";
			developmentRegion = English;
			hasScannedForEncodings = 0;
			knownRegions = (
				en,
				Base,
			);
			mainGroup = 8B0FF2781C0B9B5C00DA81C6;
			productRefGroup = 8B0FF2821C0B9B5C00DA81C6 /* Products */;
			projectDirPath = "";
			projectReferences = (
				{
					ProductGroup = 8BDE9FE01C0C1A3B00E94E27 /* Products */;
					ProjectRef = 8BDE9FDF1C0C1A3B00E94E27 /* Alamofire.xcodeproj */;
				},
			);
			projectRoot = "";
			targets = (
				8B0FF2801C0B9B5C00DA81C6 /* IPMQuickstart */,
			);
		};
/* End PBXProject section */

/* Begin PBXReferenceProxy section */
		8BDE9FEA1C0C1A3B00E94E27 /* Alamofire.framework */ = {
			isa = PBXReferenceProxy;
			fileType = wrapper.framework;
			path = Alamofire.framework;
			remoteRef = 8BDE9FE91C0C1A3B00E94E27 /* PBXContainerItemProxy */;
			sourceTree = BUILT_PRODUCTS_DIR;
		};
		8BDE9FEC1C0C1A3B00E94E27 /* Alamofire iOS Tests.xctest */ = {
			isa = PBXReferenceProxy;
			fileType = wrapper.cfbundle;
			path = "Alamofire iOS Tests.xctest";
			remoteRef = 8BDE9FEB1C0C1A3B00E94E27 /* PBXContainerItemProxy */;
			sourceTree = BUILT_PRODUCTS_DIR;
		};
		8BDE9FEE1C0C1A3B00E94E27 /* Alamofire.framework */ = {
			isa = PBXReferenceProxy;
			fileType = wrapper.framework;
			path = Alamofire.framework;
			remoteRef = 8BDE9FED1C0C1A3B00E94E27 /* PBXContainerItemProxy */;
			sourceTree = BUILT_PRODUCTS_DIR;
		};
		8BDE9FF01C0C1A3B00E94E27 /* Alamofire OSX Tests.xctest */ = {
			isa = PBXReferenceProxy;
			fileType = wrapper.cfbundle;
			path = "Alamofire OSX Tests.xctest";
			remoteRef = 8BDE9FEF1C0C1A3B00E94E27 /* PBXContainerItemProxy */;
			sourceTree = BUILT_PRODUCTS_DIR;
		};
		8BDE9FF21C0C1A3B00E94E27 /* Alamofire.framework */ = {
			isa = PBXReferenceProxy;
			fileType = wrapper.framework;
			path = Alamofire.framework;
			remoteRef = 8BDE9FF11C0C1A3B00E94E27 /* PBXContainerItemProxy */;
			sourceTree = BUILT_PRODUCTS_DIR;
		};
		8BDE9FF41C0C1A3B00E94E27 /* Alamofire tvOS Tests.xctest */ = {
			isa = PBXReferenceProxy;
			fileType = wrapper.cfbundle;
			path = "Alamofire tvOS Tests.xctest";
			remoteRef = 8BDE9FF31C0C1A3B00E94E27 /* PBXContainerItemProxy */;
			sourceTree = BUILT_PRODUCTS_DIR;
		};
		8BDE9FF61C0C1A3B00E94E27 /* Alamofire.framework */ = {
			isa = PBXReferenceProxy;
			fileType = wrapper.framework;
			path = Alamofire.framework;
			remoteRef = 8BDE9FF51C0C1A3B00E94E27 /* PBXContainerItemProxy */;
			sourceTree = BUILT_PRODUCTS_DIR;
		};
/* End PBXReferenceProxy section */

/* Begin PBXResourcesBuildPhase section */
		8B0FF27F1C0B9B5C00DA81C6 /* Resources */ = {
			isa = PBXResourcesBuildPhase;
			buildActionMask = 2147483647;
			files = (
				8B0FF28F1C0B9B5C00DA81C6 /* LaunchScreen.storyboard in Resources */,
				8B0FF28C1C0B9B5C00DA81C6 /* Assets.xcassets in Resources */,
				8B0FF28A1C0B9B5C00DA81C6 /* Main.storyboard in Resources */,
			);
			runOnlyForDeploymentPostprocessing = 0;
		};
/* End PBXResourcesBuildPhase section */

/* Begin PBXShellScriptBuildPhase section */
		D052DB37FEC7FDDFD0702C2D /* Copy Pods Resources */ = {
			isa = PBXShellScriptBuildPhase;
			buildActionMask = 2147483647;
			files = (
			);
			inputPaths = (
			);
			name = "Copy Pods Resources";
			outputPaths = (
			);
			runOnlyForDeploymentPostprocessing = 0;
			shellPath = /bin/sh;
			shellScript = "\"${SRCROOT}/Pods/Target Support Files/Pods/Pods-resources.sh\"\n";
			showEnvVarsInLog = 0;
		};
		D8208D4BC4BF0E2949676FA3 /* Embed Pods Frameworks */ = {
			isa = PBXShellScriptBuildPhase;
			buildActionMask = 2147483647;
			files = (
			);
			inputPaths = (
			);
			name = "Embed Pods Frameworks";
			outputPaths = (
			);
			runOnlyForDeploymentPostprocessing = 0;
			shellPath = /bin/sh;
			shellScript = "\"${SRCROOT}/Pods/Target Support Files/Pods/Pods-frameworks.sh\"\n";
			showEnvVarsInLog = 0;
		};
		E92F5D408D3B788E47DD27ED /* Check Pods Manifest.lock */ = {
			isa = PBXShellScriptBuildPhase;
			buildActionMask = 2147483647;
			files = (
			);
			inputPaths = (
			);
			name = "Check Pods Manifest.lock";
			outputPaths = (
			);
			runOnlyForDeploymentPostprocessing = 0;
			shellPath = /bin/sh;
			shellScript = "diff \"${PODS_ROOT}/../Podfile.lock\" \"${PODS_ROOT}/Manifest.lock\" > /dev/null\nif [[ $? != 0 ]] ; then\n    cat << EOM\nerror: The sandbox is not in sync with the Podfile.lock. Run 'pod install' or update your CocoaPods installation.\nEOM\n    exit 1\nfi\n";
			showEnvVarsInLog = 0;
		};
/* End PBXShellScriptBuildPhase section */

/* Begin PBXSourcesBuildPhase section */
		8B0FF27D1C0B9B5C00DA81C6 /* Sources */ = {
			isa = PBXSourcesBuildPhase;
			buildActionMask = 2147483647;
			files = (
				8BDE9FFD1C0C1B8400E94E27 /* SwiftyJSON.swift in Sources */,
				789B38371C17C2C600D1FA2A /* MessageTableViewCell.swift in Sources */,
				8B0FF2871C0B9B5C00DA81C6 /* ViewController.swift in Sources */,
				8B0FF2851C0B9B5C00DA81C6 /* AppDelegate.swift in Sources */,
			);
			runOnlyForDeploymentPostprocessing = 0;
		};
/* End PBXSourcesBuildPhase section */

/* Begin PBXTargetDependency section */
		8BDE9FFA1C0C1AFE00E94E27 /* PBXTargetDependency */ = {
			isa = PBXTargetDependency;
			name = "Alamofire iOS";
			targetProxy = 8BDE9FF91C0C1AFE00E94E27 /* PBXContainerItemProxy */;
		};
/* End PBXTargetDependency section */

/* Begin PBXVariantGroup section */
		8B0FF2881C0B9B5C00DA81C6 /* Main.storyboard */ = {
			isa = PBXVariantGroup;
			children = (
				8B0FF2891C0B9B5C00DA81C6 /* Base */,
			);
			name = Main.storyboard;
			sourceTree = "<group>";
		};
		8B0FF28D1C0B9B5C00DA81C6 /* LaunchScreen.storyboard */ = {
			isa = PBXVariantGroup;
			children = (
				8B0FF28E1C0B9B5C00DA81C6 /* Base */,
			);
			name = LaunchScreen.storyboard;
			sourceTree = "<group>";
		};
/* End PBXVariantGroup section */

/* Begin XCBuildConfiguration section */
		8B0FF2911C0B9B5C00DA81C6 /* Debug */ = {
			isa = XCBuildConfiguration;
			buildSettings = {
				ALWAYS_SEARCH_USER_PATHS = NO;
				CLANG_CXX_LANGUAGE_STANDARD = "gnu++0x";
				CLANG_CXX_LIBRARY = "libc++";
				CLANG_ENABLE_MODULES = YES;
				CLANG_ENABLE_OBJC_ARC = YES;
				CLANG_WARN_BOOL_CONVERSION = YES;
				CLANG_WARN_CONSTANT_CONVERSION = YES;
				CLANG_WARN_DIRECT_OBJC_ISA_USAGE = YES_ERROR;
				CLANG_WARN_EMPTY_BODY = YES;
				CLANG_WARN_ENUM_CONVERSION = YES;
				CLANG_WARN_INT_CONVERSION = YES;
				CLANG_WARN_OBJC_ROOT_CLASS = YES_ERROR;
				CLANG_WARN_UNREACHABLE_CODE = YES;
				CLANG_WARN__DUPLICATE_METHOD_MATCH = YES;
				"CODE_SIGN_IDENTITY[sdk=iphoneos*]" = "iPhone Developer";
				COPY_PHASE_STRIP = NO;
				DEBUG_INFORMATION_FORMAT = dwarf;
				ENABLE_STRICT_OBJC_MSGSEND = YES;
				ENABLE_TESTABILITY = YES;
				GCC_C_LANGUAGE_STANDARD = gnu99;
				GCC_DYNAMIC_NO_PIC = NO;
				GCC_NO_COMMON_BLOCKS = YES;
				GCC_OPTIMIZATION_LEVEL = 0;
				GCC_PREPROCESSOR_DEFINITIONS = (
					"DEBUG=1",
					"$(inherited)",
				);
				GCC_WARN_64_TO_32_BIT_CONVERSION = YES;
				GCC_WARN_ABOUT_RETURN_TYPE = YES_ERROR;
				GCC_WARN_UNDECLARED_SELECTOR = YES;
				GCC_WARN_UNINITIALIZED_AUTOS = YES_AGGRESSIVE;
				GCC_WARN_UNUSED_FUNCTION = YES;
				GCC_WARN_UNUSED_VARIABLE = YES;
				IPHONEOS_DEPLOYMENT_TARGET = 9.1;
				MTL_ENABLE_DEBUG_INFO = YES;
				ONLY_ACTIVE_ARCH = YES;
				SDKROOT = iphoneos;
				SWIFT_OPTIMIZATION_LEVEL = "-Onone";
				TARGETED_DEVICE_FAMILY = "1,2";
			};
			name = Debug;
		};
		8B0FF2921C0B9B5C00DA81C6 /* Release */ = {
			isa = XCBuildConfiguration;
			buildSettings = {
				ALWAYS_SEARCH_USER_PATHS = NO;
				CLANG_CXX_LANGUAGE_STANDARD = "gnu++0x";
				CLANG_CXX_LIBRARY = "libc++";
				CLANG_ENABLE_MODULES = YES;
				CLANG_ENABLE_OBJC_ARC = YES;
				CLANG_WARN_BOOL_CONVERSION = YES;
				CLANG_WARN_CONSTANT_CONVERSION = YES;
				CLANG_WARN_DIRECT_OBJC_ISA_USAGE = YES_ERROR;
				CLANG_WARN_EMPTY_BODY = YES;
				CLANG_WARN_ENUM_CONVERSION = YES;
				CLANG_WARN_INT_CONVERSION = YES;
				CLANG_WARN_OBJC_ROOT_CLASS = YES_ERROR;
				CLANG_WARN_UNREACHABLE_CODE = YES;
				CLANG_WARN__DUPLICATE_METHOD_MATCH = YES;
				"CODE_SIGN_IDENTITY[sdk=iphoneos*]" = "iPhone Developer";
				COPY_PHASE_STRIP = NO;
				DEBUG_INFORMATION_FORMAT = "dwarf-with-dsym";
				ENABLE_NS_ASSERTIONS = NO;
				ENABLE_STRICT_OBJC_MSGSEND = YES;
				GCC_C_LANGUAGE_STANDARD = gnu99;
				GCC_NO_COMMON_BLOCKS = YES;
				GCC_WARN_64_TO_32_BIT_CONVERSION = YES;
				GCC_WARN_ABOUT_RETURN_TYPE = YES_ERROR;
				GCC_WARN_UNDECLARED_SELECTOR = YES;
				GCC_WARN_UNINITIALIZED_AUTOS = YES_AGGRESSIVE;
				GCC_WARN_UNUSED_FUNCTION = YES;
				GCC_WARN_UNUSED_VARIABLE = YES;
				IPHONEOS_DEPLOYMENT_TARGET = 9.1;
				MTL_ENABLE_DEBUG_INFO = NO;
				SDKROOT = iphoneos;
				TARGETED_DEVICE_FAMILY = "1,2";
				VALIDATE_PRODUCT = YES;
			};
			name = Release;
		};
		8B0FF2941C0B9B5C00DA81C6 /* Debug */ = {
			isa = XCBuildConfiguration;
			baseConfigurationReference = 75226A40304644162618DC24 /* Pods.debug.xcconfig */;
			buildSettings = {
				ASSETCATALOG_COMPILER_APPICON_NAME = AppIcon;
				EMBEDDED_CONTENT_CONTAINS_SWIFT = YES;
				FRAMEWORK_SEARCH_PATHS = (
					"$(inherited)",
					"$(PROJECT_DIR)",
				);
				INFOPLIST_FILE = IPMQuickstart/Info.plist;
				IPHONEOS_DEPLOYMENT_TARGET = 9.0;
				LD_RUNPATH_SEARCH_PATHS = "$(inherited) @executable_path/Frameworks";
				PRODUCT_BUNDLE_IDENTIFIER = com.twilio.IPMQuickstart;
				PRODUCT_NAME = "$(TARGET_NAME)";
				SWIFT_OBJC_BRIDGING_HEADER = "IPMQuickstart/IPMQuickstart-Bridging-Header.h";
			};
			name = Debug;
		};
		8B0FF2951C0B9B5C00DA81C6 /* Release */ = {
			isa = XCBuildConfiguration;
			baseConfigurationReference = 601A7E1390A6992FE133A98D /* Pods.release.xcconfig */;
			buildSettings = {
				ASSETCATALOG_COMPILER_APPICON_NAME = AppIcon;
				EMBEDDED_CONTENT_CONTAINS_SWIFT = YES;
				FRAMEWORK_SEARCH_PATHS = (
					"$(inherited)",
					"$(PROJECT_DIR)",
				);
				INFOPLIST_FILE = IPMQuickstart/Info.plist;
				IPHONEOS_DEPLOYMENT_TARGET = 9.0;
				LD_RUNPATH_SEARCH_PATHS = "$(inherited) @executable_path/Frameworks";
				PRODUCT_BUNDLE_IDENTIFIER = com.twilio.IPMQuickstart;
				PRODUCT_NAME = "$(TARGET_NAME)";
				SWIFT_OBJC_BRIDGING_HEADER = "IPMQuickstart/IPMQuickstart-Bridging-Header.h";
			};
			name = Release;
		};
/* End XCBuildConfiguration section */

/* Begin XCConfigurationList section */
		8B0FF27C1C0B9B5C00DA81C6 /* Build configuration list for PBXProject "IPMQuickstart" */ = {
			isa = XCConfigurationList;
			buildConfigurations = (
				8B0FF2911C0B9B5C00DA81C6 /* Debug */,
				8B0FF2921C0B9B5C00DA81C6 /* Release */,
			);
			defaultConfigurationIsVisible = 0;
			defaultConfigurationName = Release;
		};
		8B0FF2931C0B9B5C00DA81C6 /* Build configuration list for PBXNativeTarget "IPMQuickstart" */ = {
			isa = XCConfigurationList;
			buildConfigurations = (
				8B0FF2941C0B9B5C00DA81C6 /* Debug */,
				8B0FF2951C0B9B5C00DA81C6 /* Release */,
			);
			defaultConfigurationIsVisible = 0;
			defaultConfigurationName = Release;
		};
/* End XCConfigurationList section */
	};
	rootObject = 8B0FF2791C0B9B5C00DA81C6 /* Project object */;
}
